
Microsoft Visual Studio Solution File, Format Version 12.00
# Visual Studio Version 16
VisualStudioVersion = 16.0.29102.190
MinimumVisualStudioVersion = 10.0.40219.1
Project("{9A19103F-16F7-4668-BE54-9A1E7A4F7556}") = "ConsoleUtils", "ConsoleUtils\ConsoleUtils.csproj", "{067A947B-DF30-4D0B-911F-4D119932F6BD}"
EndProject
Global
	GlobalSection(SolutionConfigurationPlatforms) = preSolution
		Debug|Any CPU = Debug|Any CPU
		Release|Any CPU = Release|Any CPU
	EndGlobalSection
	GlobalSection(ProjectConfigurationPlatforms) = postSolution
		{067A947B-DF30-4D0B-911F-4D119932F6BD}.Debug|Any CPU.ActiveCfg = Debug|Any CPU
		{067A947B-DF30-4D0B-911F-4D119932F6BD}.Debug|Any CPU.Build.0 = Debug|Any CPU
		{067A947B-DF30-4D0B-911F-4D119932F6BD}.Release|Any CPU.ActiveCfg = Release|Any CPU
		{067A947B-DF30-4D0B-911F-4D119932F6BD}.Release|Any CPU.Build.0 = Release|Any CPU
	EndGlobalSection
	GlobalSection(SolutionProperties) = preSolution
		HideSolutionNode = FALSE
	EndGlobalSection
	GlobalSection(ExtensibilityGlobals) = postSolution
		SolutionGuid = {2BA6A4D2-F38D-4DDB-8A10-8C8DFE6AC3FF}
	EndGlobalSection
EndGlobal
